
Microsoft Visual Studio Solution File, Format Version 12.00
# Visual Studio 2013
VisualStudioVersion = 12.0.40629.0
MinimumVisualStudioVersion = 10.0.40219.1
Project("{FAE04EC0-301F-11D3-BF4B-00C04F79EFBC}") = "lhk.Pos.Presentation", "PosSystem\lhk.Pos.Presentation.csproj", "{23C7D058-6E89-4551-A892-CE9A0A72143F}"
EndProject
Project("{2150E333-8FDC-42A3-9474-1A3956D46DE8}") = "Libraries", "Libraries", "{BE47B67A-4E38-4EA4-B6BD-4ED465406786}"
EndProject
Project("{2150E333-8FDC-42A3-9474-1A3956D46DE8}") = "Main", "Main", "{FF214B50-B807-4818-8C2B-63FEAB180D12}"
EndProject
Project("{FAE04EC0-301F-11D3-BF4B-00C04F79EFBC}") = "lhk.Pos.Sale", "lhk.Pos\lhk.Pos.Sale.csproj", "{FD5452F1-118F-49F1-8E06-1F189FD9A411}"
EndProject
Project("{FAE04EC0-301F-11D3-BF4B-00C04F79EFBC}") = "lhk.POS.Common", "lhk.POS.Business\lhk.POS.Common.csproj", "{74BAFC95-67CB-4172-8B9E-2F63C50026D8}"
EndProject
Project("{FAE04EC0-301F-11D3-BF4B-00C04F79EFBC}") = "lhk.POS.Core", "lhk.POS.Core\lhk.POS.Core.csproj", "{3FA4932C-D1E5-4270-B11E-9C4AD16559A2}"
EndProject
Project("{FAE04EC0-301F-11D3-BF4B-00C04F79EFBC}") = "lhk.POS.Data", "lhk.POS.Data\lhk.POS.Data.csproj", "{E917C5F2-B875-461D-99C2-A8926C16E6C3}"
EndProject
Project("{2150E333-8FDC-42A3-9474-1A3956D46DE8}") = "Tests", "Tests", "{04B9FF27-3DAD-4AE3-8C18-854FF7713693}"
EndProject
Project("{FAE04EC0-301F-11D3-BF4B-00C04F79EFBC}") = "Pos.DataBaseTest", "Pos.DataBaseTest\Pos.DataBaseTest.csproj", "{A484B24B-C819-47CE-848B-D75F5664A324}"
EndProject
Project("{2150E333-8FDC-42A3-9474-1A3956D46DE8}") = "Tool", "Tool", "{8F121F85-26AC-470D-8276-CCEC2295D2BA}"
EndProject
Project("{FAE04EC0-301F-11D3-BF4B-00C04F79EFBC}") = "GenerateCode", "GenerateCode\GenerateCode.csproj", "{54C24528-241B-4326-BE14-75EDCA9D90F3}"
EndProject
Project("{FAE04EC0-301F-11D3-BF4B-00C04F79EFBC}") = "ModelBindingControlTest", "ModelBindingControlTest\ModelBindingControlTest.csproj", "{7FB5DFDF-9988-462D-B139-EB3298CF76C0}"
EndProject
Project("{FAE04EC0-301F-11D3-BF4B-00C04F79EFBC}") = "PrintTest", "UnitTestProject1\PrintTest.csproj", "{9611FCFB-72DC-4B07-8258-14AB56928D25}"
EndProject
Project("{FAE04EC0-301F-11D3-BF4B-00C04F79EFBC}") = "lhk.Pos.Manager", "lhk.Pos.Manager\lhk.Pos.Manager.csproj", "{61025EAD-397A-4514-9A06-F7D2268B51DF}"
EndProject
Project("{FAE04EC0-301F-11D3-BF4B-00C04F79EFBC}") = "ExistingDatabaseConverter", "ExistingDatabaseConverter\ExistingDatabaseConverter.csproj", "{46C663E3-5CCC-4F00-ACD6-7D7213372983}"
EndProject
Global
	GlobalSection(SolutionConfigurationPlatforms) = preSolution
		Debug|Any CPU = Debug|Any CPU
		Release|Any CPU = Release|Any CPU
	EndGlobalSection
	GlobalSection(ProjectConfigurationPlatforms) = postSolution
		{23C7D058-6E89-4551-A892-CE9A0A72143F}.Debug|Any CPU.ActiveCfg = Debug|Any CPU
		{23C7D058-6E89-4551-A892-CE9A0A72143F}.Debug|Any CPU.Build.0 = Debug|Any CPU
		{23C7D058-6E89-4551-A892-CE9A0A72143F}.Release|Any CPU.ActiveCfg = Release|Any CPU
		{23C7D058-6E89-4551-A892-CE9A0A72143F}.Release|Any CPU.Build.0 = Release|Any CPU
		{FD5452F1-118F-49F1-8E06-1F189FD9A411}.Debug|Any CPU.ActiveCfg = Debug|Any CPU
		{FD5452F1-118F-49F1-8E06-1F189FD9A411}.Debug|Any CPU.Build.0 = Debug|Any CPU
		{FD5452F1-118F-49F1-8E06-1F189FD9A411}.Release|Any CPU.ActiveCfg = Release|Any CPU
		{FD5452F1-118F-49F1-8E06-1F189FD9A411}.Release|Any CPU.Build.0 = Release|Any CPU
		{74BAFC95-67CB-4172-8B9E-2F63C50026D8}.Debug|Any CPU.ActiveCfg = Debug|Any CPU
		{74BAFC95-67CB-4172-8B9E-2F63C50026D8}.Debug|Any CPU.Build.0 = Debug|Any CPU
		{74BAFC95-67CB-4172-8B9E-2F63C50026D8}.Release|Any CPU.ActiveCfg = Release|Any CPU
		{74BAFC95-67CB-4172-8B9E-2F63C50026D8}.Release|Any CPU.Build.0 = Release|Any CPU
		{3FA4932C-D1E5-4270-B11E-9C4AD16559A2}.Debug|Any CPU.ActiveCfg = Debug|Any CPU
		{3FA4932C-D1E5-4270-B11E-9C4AD16559A2}.Debug|Any CPU.Build.0 = Debug|Any CPU
		{3FA4932C-D1E5-4270-B11E-9C4AD16559A2}.Release|Any CPU.ActiveCfg = Release|Any CPU
		{3FA4932C-D1E5-4270-B11E-9C4AD16559A2}.Release|Any CPU.Build.0 = Release|Any CPU
		{E917C5F2-B875-461D-99C2-A8926C16E6C3}.Debug|Any CPU.ActiveCfg = Debug|Any CPU
		{E917C5F2-B875-461D-99C2-A8926C16E6C3}.Debug|Any CPU.Build.0 = Debug|Any CPU
		{E917C5F2-B875-461D-99C2-A8926C16E6C3}.Release|Any CPU.ActiveCfg = Release|Any CPU
		{E917C5F2-B875-461D-99C2-A8926C16E6C3}.Release|Any CPU.Build.0 = Release|Any CPU
		{A484B24B-C819-47CE-848B-D75F5664A324}.Debug|Any CPU.ActiveCfg = Debug|Any CPU
		{A484B24B-C819-47CE-848B-D75F5664A324}.Debug|Any CPU.Build.0 = Debug|Any CPU
		{A484B24B-C819-47CE-848B-D75F5664A324}.Release|Any CPU.ActiveCfg = Release|Any CPU
		{A484B24B-C819-47CE-848B-D75F5664A324}.Release|Any CPU.Build.0 = Release|Any CPU
		{54C24528-241B-4326-BE14-75EDCA9D90F3}.Debug|Any CPU.ActiveCfg = Debug|Any CPU
		{54C24528-241B-4326-BE14-75EDCA9D90F3}.Debug|Any CPU.Build.0 = Debug|Any CPU
		{54C24528-241B-4326-BE14-75EDCA9D90F3}.Release|Any CPU.ActiveCfg = Release|Any CPU
		{54C24528-241B-4326-BE14-75EDCA9D90F3}.Release|Any CPU.Build.0 = Release|Any CPU
		{7FB5DFDF-9988-462D-B139-EB3298CF76C0}.Debug|Any CPU.ActiveCfg = Debug|Any CPU
		{7FB5DFDF-9988-462D-B139-EB3298CF76C0}.Debug|Any CPU.Build.0 = Debug|Any CPU
		{7FB5DFDF-9988-462D-B139-EB3298CF76C0}.Release|Any CPU.ActiveCfg = Release|Any CPU
		{7FB5DFDF-9988-462D-B139-EB3298CF76C0}.Release|Any CPU.Build.0 = Release|Any CPU
		{9611FCFB-72DC-4B07-8258-14AB56928D25}.Debug|Any CPU.ActiveCfg = Debug|Any CPU
		{9611FCFB-72DC-4B07-8258-14AB56928D25}.Debug|Any CPU.Build.0 = Debug|Any CPU
		{9611FCFB-72DC-4B07-8258-14AB56928D25}.Release|Any CPU.ActiveCfg = Release|Any CPU
		{9611FCFB-72DC-4B07-8258-14AB56928D25}.Release|Any CPU.Build.0 = Release|Any CPU
		{61025EAD-397A-4514-9A06-F7D2268B51DF}.Debug|Any CPU.ActiveCfg = Debug|Any CPU
		{61025EAD-397A-4514-9A06-F7D2268B51DF}.Debug|Any CPU.Build.0 = Debug|Any CPU
		{61025EAD-397A-4514-9A06-F7D2268B51DF}.Release|Any CPU.ActiveCfg = Release|Any CPU
		{61025EAD-397A-4514-9A06-F7D2268B51DF}.Release|Any CPU.Build.0 = Release|Any CPU
		{46C663E3-5CCC-4F00-ACD6-7D7213372983}.Debug|Any CPU.ActiveCfg = Debug|Any CPU
		{46C663E3-5CCC-4F00-ACD6-7D7213372983}.Debug|Any CPU.Build.0 = Debug|Any CPU
		{46C663E3-5CCC-4F00-ACD6-7D7213372983}.Release|Any CPU.ActiveCfg = Release|Any CPU
		{46C663E3-5CCC-4F00-ACD6-7D7213372983}.Release|Any CPU.Build.0 = Release|Any CPU
	EndGlobalSection
	GlobalSection(SolutionProperties) = preSolution
		HideSolutionNode = FALSE
	EndGlobalSection
	GlobalSection(NestedProjects) = preSolution
		{23C7D058-6E89-4551-A892-CE9A0A72143F} = {FF214B50-B807-4818-8C2B-63FEAB180D12}
		{FD5452F1-118F-49F1-8E06-1F189FD9A411} = {FF214B50-B807-4818-8C2B-63FEAB180D12}
		{74BAFC95-67CB-4172-8B9E-2F63C50026D8} = {BE47B67A-4E38-4EA4-B6BD-4ED465406786}
		{3FA4932C-D1E5-4270-B11E-9C4AD16559A2} = {BE47B67A-4E38-4EA4-B6BD-4ED465406786}
		{E917C5F2-B875-461D-99C2-A8926C16E6C3} = {BE47B67A-4E38-4EA4-B6BD-4ED465406786}
		{A484B24B-C819-47CE-848B-D75F5664A324} = {04B9FF27-3DAD-4AE3-8C18-854FF7713693}
		{54C24528-241B-4326-BE14-75EDCA9D90F3} = {8F121F85-26AC-470D-8276-CCEC2295D2BA}
		{7FB5DFDF-9988-462D-B139-EB3298CF76C0} = {04B9FF27-3DAD-4AE3-8C18-854FF7713693}
		{9611FCFB-72DC-4B07-8258-14AB56928D25} = {04B9FF27-3DAD-4AE3-8C18-854FF7713693}
		{61025EAD-397A-4514-9A06-F7D2268B51DF} = {FF214B50-B807-4818-8C2B-63FEAB180D12}
		{46C663E3-5CCC-4F00-ACD6-7D7213372983} = {BE47B67A-4E38-4EA4-B6BD-4ED465406786}
	EndGlobalSection
EndGlobal
